
Microsoft Visual Studio Solution File, Format Version 12.00
# Visual Studio Version 17
VisualStudioVersion = 17.0.31919.166
MinimumVisualStudioVersion = 10.0.40219.1
Project("{9A19103F-16F7-4668-BE54-9A1E7A4F7556}") = "universityApiBakend", "universityApiBakend\universityApiBakend.csproj", "{2D9974D7-A9C9-4F03-906B-3B1E9016235C}"
EndProject
Project("{FAE04EC0-301F-11D3-BF4B-00C04F79EFBC}") = "LinqSnippets", "LinqSnippets\LinqSnippets.csproj", "{710FFCCA-2D3D-4EA9-AEF5-5684056E36E2}"
EndProject
Global
	GlobalSection(SolutionConfigurationPlatforms) = preSolution
		Debug|Any CPU = Debug|Any CPU
		Release|Any CPU = Release|Any CPU
	EndGlobalSection
	GlobalSection(ProjectConfigurationPlatforms) = postSolution
		{2D9974D7-A9C9-4F03-906B-3B1E9016235C}.Debug|Any CPU.ActiveCfg = Debug|Any CPU
		{2D9974D7-A9C9-4F03-906B-3B1E9016235C}.Debug|Any CPU.Build.0 = Debug|Any CPU
		{2D9974D7-A9C9-4F03-906B-3B1E9016235C}.Release|Any CPU.ActiveCfg = Release|Any CPU
		{2D9974D7-A9C9-4F03-906B-3B1E9016235C}.Release|Any CPU.Build.0 = Release|Any CPU
		{710FFCCA-2D3D-4EA9-AEF5-5684056E36E2}.Debug|Any CPU.ActiveCfg = Debug|Any CPU
		{710FFCCA-2D3D-4EA9-AEF5-5684056E36E2}.Debug|Any CPU.Build.0 = Debug|Any CPU
		{710FFCCA-2D3D-4EA9-AEF5-5684056E36E2}.Release|Any CPU.ActiveCfg = Release|Any CPU
		{710FFCCA-2D3D-4EA9-AEF5-5684056E36E2}.Release|Any CPU.Build.0 = Release|Any CPU
	EndGlobalSection
	GlobalSection(SolutionProperties) = preSolution
		HideSolutionNode = FALSE
	EndGlobalSection
	GlobalSection(ExtensibilityGlobals) = postSolution
		SolutionGuid = {34E0295D-C596-458F-9E8F-69D26C1E9FEE}
	EndGlobalSection
EndGlobal
