
Microsoft Visual Studio Solution File, Format Version 12.00
# Visual Studio Version 17
VisualStudioVersion = 17.0.31919.166
MinimumVisualStudioVersion = 10.0.40219.1
Project("{FAE04EC0-301F-11D3-BF4B-00C04F79EFBC}") = "EjemploFlujoAsincrono", "EjemploFlujoAsincrono\EjemploFlujoAsincrono.csproj", "{CC4CBA46-989D-4353-A597-D978C7680717}"
EndProject
Global
	GlobalSection(SolutionConfigurationPlatforms) = preSolution
		Debug|Any CPU = Debug|Any CPU
		Release|Any CPU = Release|Any CPU
	EndGlobalSection
	GlobalSection(ProjectConfigurationPlatforms) = postSolution
		{CC4CBA46-989D-4353-A597-D978C7680717}.Debug|Any CPU.ActiveCfg = Debug|Any CPU
		{CC4CBA46-989D-4353-A597-D978C7680717}.Debug|Any CPU.Build.0 = Debug|Any CPU
		{CC4CBA46-989D-4353-A597-D978C7680717}.Release|Any CPU.ActiveCfg = Release|Any CPU
		{CC4CBA46-989D-4353-A597-D978C7680717}.Release|Any CPU.Build.0 = Release|Any CPU
	EndGlobalSection
	GlobalSection(SolutionProperties) = preSolution
		HideSolutionNode = FALSE
	EndGlobalSection
	GlobalSection(ExtensibilityGlobals) = postSolution
		SolutionGuid = {84DBEF89-56F0-40D4-9C8B-2492CE5A3807}
	EndGlobalSection
EndGlobal
